
Microsoft Visual Studio Solution File, Format Version 12.00
# Visual Studio Version 17
VisualStudioVersion = 17.3.32901.215
MinimumVisualStudioVersion = 10.0.40219.1
Project("{9A19103F-16F7-4668-BE54-9A1E7A4F7556}") = "owi-arm-dotnet", "owi-arm-dotnet\owi-arm-dotnet.csproj", "{D95A4B75-0E12-4578-8C95-51C5959F73F5}"
EndProject
Project("{9A19103F-16F7-4668-BE54-9A1E7A4F7556}") = "owi-arm-dotnet-test", "owi-arm-dotnet-test\owi-arm-dotnet-test.csproj", "{CCB3E023-EED5-44A6-8415-245410AAF3E0}"
EndProject
Project("{FAE04EC0-301F-11D3-BF4B-00C04F79EFBC}") = "owi-arm-dotnet-usb", "owi-arm-dotnet-usb\owi-arm-dotnet-usb.csproj", "{453FCE6C-FF1F-4D2B-99AC-781B31D20B9B}"
EndProject
Project("{FAE04EC0-301F-11D3-BF4B-00C04F79EFBC}") = "owi-arm-dotnet-usb-test", "owi-arm-dotnet-usb-test\owi-arm-dotnet-usb-test.csproj", "{6E23881A-4AA9-4980-893A-C4A4F092C840}"
EndProject
Project("{FAE04EC0-301F-11D3-BF4B-00C04F79EFBC}") = "sample.app", "sample.app\sample.app.csproj", "{F689D535-222B-4AFA-9C26-1E31D84A679F}"
EndProject
Global
	GlobalSection(SolutionConfigurationPlatforms) = preSolution
		Debug|Any CPU = Debug|Any CPU
		Release|Any CPU = Release|Any CPU
	EndGlobalSection
	GlobalSection(ProjectConfigurationPlatforms) = postSolution
		{D95A4B75-0E12-4578-8C95-51C5959F73F5}.Debug|Any CPU.ActiveCfg = Debug|Any CPU
		{D95A4B75-0E12-4578-8C95-51C5959F73F5}.Debug|Any CPU.Build.0 = Debug|Any CPU
		{D95A4B75-0E12-4578-8C95-51C5959F73F5}.Release|Any CPU.ActiveCfg = Release|Any CPU
		{D95A4B75-0E12-4578-8C95-51C5959F73F5}.Release|Any CPU.Build.0 = Release|Any CPU
		{CCB3E023-EED5-44A6-8415-245410AAF3E0}.Debug|Any CPU.ActiveCfg = Debug|Any CPU
		{CCB3E023-EED5-44A6-8415-245410AAF3E0}.Debug|Any CPU.Build.0 = Debug|Any CPU
		{CCB3E023-EED5-44A6-8415-245410AAF3E0}.Release|Any CPU.ActiveCfg = Release|Any CPU
		{CCB3E023-EED5-44A6-8415-245410AAF3E0}.Release|Any CPU.Build.0 = Release|Any CPU
		{453FCE6C-FF1F-4D2B-99AC-781B31D20B9B}.Debug|Any CPU.ActiveCfg = Debug|Any CPU
		{453FCE6C-FF1F-4D2B-99AC-781B31D20B9B}.Debug|Any CPU.Build.0 = Debug|Any CPU
		{453FCE6C-FF1F-4D2B-99AC-781B31D20B9B}.Release|Any CPU.ActiveCfg = Release|Any CPU
		{453FCE6C-FF1F-4D2B-99AC-781B31D20B9B}.Release|Any CPU.Build.0 = Release|Any CPU
		{6E23881A-4AA9-4980-893A-C4A4F092C840}.Debug|Any CPU.ActiveCfg = Debug|Any CPU
		{6E23881A-4AA9-4980-893A-C4A4F092C840}.Debug|Any CPU.Build.0 = Debug|Any CPU
		{6E23881A-4AA9-4980-893A-C4A4F092C840}.Release|Any CPU.ActiveCfg = Release|Any CPU
		{6E23881A-4AA9-4980-893A-C4A4F092C840}.Release|Any CPU.Build.0 = Release|Any CPU
		{F689D535-222B-4AFA-9C26-1E31D84A679F}.Debug|Any CPU.ActiveCfg = Debug|Any CPU
		{F689D535-222B-4AFA-9C26-1E31D84A679F}.Debug|Any CPU.Build.0 = Debug|Any CPU
		{F689D535-222B-4AFA-9C26-1E31D84A679F}.Release|Any CPU.ActiveCfg = Release|Any CPU
		{F689D535-222B-4AFA-9C26-1E31D84A679F}.Release|Any CPU.Build.0 = Release|Any CPU
	EndGlobalSection
	GlobalSection(SolutionProperties) = preSolution
		HideSolutionNode = FALSE
	EndGlobalSection
	GlobalSection(ExtensibilityGlobals) = postSolution
		SolutionGuid = {55FA9AE5-64F8-4688-AF75-55E290454A61}
	EndGlobalSection
EndGlobal
