
Microsoft Visual Studio Solution File, Format Version 12.00
# Visual Studio 2013
VisualStudioVersion = 12.0.31101.0
MinimumVisualStudioVersion = 10.0.40219.1
Project("{FAE04EC0-301F-11D3-BF4B-00C04F79EFBC}") = "owi-arm-dotnet", "owi-arm-dotnet\owi-arm-dotnet.csproj", "{CACFE635-33A6-4BE5-A3B2-23D97FE50CA5}"
EndProject
Project("{FAE04EC0-301F-11D3-BF4B-00C04F79EFBC}") = "owi-arm-dotnet-test", "owi-arm-dotnet-test\owi-arm-dotnet-test.csproj", "{6585B3A7-E8AC-44AB-B024-E601C28A8112}"
EndProject
Global
	GlobalSection(SolutionConfigurationPlatforms) = preSolution
		Debug|Any CPU = Debug|Any CPU
		Release|Any CPU = Release|Any CPU
	EndGlobalSection
	GlobalSection(ProjectConfigurationPlatforms) = postSolution
		{CACFE635-33A6-4BE5-A3B2-23D97FE50CA5}.Debug|Any CPU.ActiveCfg = Debug|Any CPU
		{CACFE635-33A6-4BE5-A3B2-23D97FE50CA5}.Debug|Any CPU.Build.0 = Debug|Any CPU
		{CACFE635-33A6-4BE5-A3B2-23D97FE50CA5}.Release|Any CPU.ActiveCfg = Release|Any CPU
		{CACFE635-33A6-4BE5-A3B2-23D97FE50CA5}.Release|Any CPU.Build.0 = Release|Any CPU
		{6585B3A7-E8AC-44AB-B024-E601C28A8112}.Debug|Any CPU.ActiveCfg = Debug|Any CPU
		{6585B3A7-E8AC-44AB-B024-E601C28A8112}.Debug|Any CPU.Build.0 = Debug|Any CPU
		{6585B3A7-E8AC-44AB-B024-E601C28A8112}.Release|Any CPU.ActiveCfg = Release|Any CPU
		{6585B3A7-E8AC-44AB-B024-E601C28A8112}.Release|Any CPU.Build.0 = Release|Any CPU
	EndGlobalSection
	GlobalSection(SolutionProperties) = preSolution
		HideSolutionNode = FALSE
	EndGlobalSection
EndGlobal
