
Microsoft Visual Studio Solution File, Format Version 12.00
# Visual Studio 2013
VisualStudioVersion = 12.0.31101.0
MinimumVisualStudioVersion = 10.0.40219.1
Project("{FAE04EC0-301F-11D3-BF4B-00C04F79EFBC}") = "owi-arm-dotnet", "owi-arm-dotnet\owi-arm-dotnet.csproj", "{CACFE635-33A6-4BE5-A3B2-23D97FE50CA5}"
EndProject
Project("{FAE04EC0-301F-11D3-BF4B-00C04F79EFBC}") = "owi-arm-dotnet-test", "owi-arm-dotnet-test\owi-arm-dotnet-test.csproj", "{6585B3A7-E8AC-44AB-B024-E601C28A8112}"
EndProject
Project("{FAE04EC0-301F-11D3-BF4B-00C04F79EFBC}") = "sample.app", "sample.app\sample.app.csproj", "{67B22398-2233-4547-9882-1B283010EE41}"
EndProject
Project("{2150E333-8FDC-42A3-9474-1A3956D46DE8}") = ".nuget", ".nuget", "{33BA7BE3-CBF2-49C4-BB07-69F6951CEEF3}"
	ProjectSection(SolutionItems) = preProject
		.nuget\NuGet.Config = .nuget\NuGet.Config
		.nuget\NuGet.exe = .nuget\NuGet.exe
		.nuget\NuGet.targets = .nuget\NuGet.targets
	EndProjectSection
EndProject
Global
	GlobalSection(SolutionConfigurationPlatforms) = preSolution
		Debug|Any CPU = Debug|Any CPU
		Release|Any CPU = Release|Any CPU
	EndGlobalSection
	GlobalSection(ProjectConfigurationPlatforms) = postSolution
		{CACFE635-33A6-4BE5-A3B2-23D97FE50CA5}.Debug|Any CPU.ActiveCfg = Debug|Any CPU
		{CACFE635-33A6-4BE5-A3B2-23D97FE50CA5}.Debug|Any CPU.Build.0 = Debug|Any CPU
		{CACFE635-33A6-4BE5-A3B2-23D97FE50CA5}.Release|Any CPU.ActiveCfg = Release|Any CPU
		{CACFE635-33A6-4BE5-A3B2-23D97FE50CA5}.Release|Any CPU.Build.0 = Release|Any CPU
		{6585B3A7-E8AC-44AB-B024-E601C28A8112}.Debug|Any CPU.ActiveCfg = Debug|Any CPU
		{6585B3A7-E8AC-44AB-B024-E601C28A8112}.Debug|Any CPU.Build.0 = Debug|Any CPU
		{6585B3A7-E8AC-44AB-B024-E601C28A8112}.Release|Any CPU.ActiveCfg = Release|Any CPU
		{6585B3A7-E8AC-44AB-B024-E601C28A8112}.Release|Any CPU.Build.0 = Release|Any CPU
		{67B22398-2233-4547-9882-1B283010EE41}.Debug|Any CPU.ActiveCfg = Debug|Any CPU
		{67B22398-2233-4547-9882-1B283010EE41}.Debug|Any CPU.Build.0 = Debug|Any CPU
		{67B22398-2233-4547-9882-1B283010EE41}.Release|Any CPU.ActiveCfg = Release|Any CPU
		{67B22398-2233-4547-9882-1B283010EE41}.Release|Any CPU.Build.0 = Release|Any CPU
	EndGlobalSection
	GlobalSection(SolutionProperties) = preSolution
		HideSolutionNode = FALSE
	EndGlobalSection
EndGlobal
